
Microsoft Visual Studio Solution File, Format Version 12.00
# Visual Studio Version 16
VisualStudioVersion = 16.0.31624.102
MinimumVisualStudioVersion = 10.0.40219.1
Project("{FAE04EC0-301F-11D3-BF4B-00C04F79EFBC}") = "Task01", "Task01\Task01.csproj", "{14B9E393-B16F-482D-A2BC-3925ACB43C50}"
EndProject
Project("{FAE04EC0-301F-11D3-BF4B-00C04F79EFBC}") = "Task02", "Task02\Task02.csproj", "{A343DB99-5158-4561-8E1D-BBF6F90718E7}"
EndProject
Project("{FAE04EC0-301F-11D3-BF4B-00C04F79EFBC}") = "Task03", "Task03\Task03.csproj", "{7167F56A-43CF-4C3F-AAC0-24FBD4271997}"
EndProject
Project("{FAE04EC0-301F-11D3-BF4B-00C04F79EFBC}") = "Task04", "Task04\Task04.csproj", "{9324FFC3-7692-41EE-8817-CB7DC8210820}"
EndProject
Project("{FAE04EC0-301F-11D3-BF4B-00C04F79EFBC}") = "Task05", "Task05\Task05.csproj", "{A2ED111D-9160-4035-AA79-14DD8773E08A}"
EndProject
Global
	GlobalSection(SolutionConfigurationPlatforms) = preSolution
		Debug|Any CPU = Debug|Any CPU
		Release|Any CPU = Release|Any CPU
	EndGlobalSection
	GlobalSection(ProjectConfigurationPlatforms) = postSolution
		{14B9E393-B16F-482D-A2BC-3925ACB43C50}.Debug|Any CPU.ActiveCfg = Debug|Any CPU
		{14B9E393-B16F-482D-A2BC-3925ACB43C50}.Debug|Any CPU.Build.0 = Debug|Any CPU
		{14B9E393-B16F-482D-A2BC-3925ACB43C50}.Release|Any CPU.ActiveCfg = Release|Any CPU
		{14B9E393-B16F-482D-A2BC-3925ACB43C50}.Release|Any CPU.Build.0 = Release|Any CPU
		{A343DB99-5158-4561-8E1D-BBF6F90718E7}.Debug|Any CPU.ActiveCfg = Debug|Any CPU
		{A343DB99-5158-4561-8E1D-BBF6F90718E7}.Debug|Any CPU.Build.0 = Debug|Any CPU
		{A343DB99-5158-4561-8E1D-BBF6F90718E7}.Release|Any CPU.ActiveCfg = Release|Any CPU
		{A343DB99-5158-4561-8E1D-BBF6F90718E7}.Release|Any CPU.Build.0 = Release|Any CPU
		{7167F56A-43CF-4C3F-AAC0-24FBD4271997}.Debug|Any CPU.ActiveCfg = Debug|Any CPU
		{7167F56A-43CF-4C3F-AAC0-24FBD4271997}.Debug|Any CPU.Build.0 = Debug|Any CPU
		{7167F56A-43CF-4C3F-AAC0-24FBD4271997}.Release|Any CPU.ActiveCfg = Release|Any CPU
		{7167F56A-43CF-4C3F-AAC0-24FBD4271997}.Release|Any CPU.Build.0 = Release|Any CPU
		{9324FFC3-7692-41EE-8817-CB7DC8210820}.Debug|Any CPU.ActiveCfg = Debug|Any CPU
		{9324FFC3-7692-41EE-8817-CB7DC8210820}.Debug|Any CPU.Build.0 = Debug|Any CPU
		{9324FFC3-7692-41EE-8817-CB7DC8210820}.Release|Any CPU.ActiveCfg = Release|Any CPU
		{9324FFC3-7692-41EE-8817-CB7DC8210820}.Release|Any CPU.Build.0 = Release|Any CPU
		{A2ED111D-9160-4035-AA79-14DD8773E08A}.Debug|Any CPU.ActiveCfg = Debug|Any CPU
		{A2ED111D-9160-4035-AA79-14DD8773E08A}.Debug|Any CPU.Build.0 = Debug|Any CPU
		{A2ED111D-9160-4035-AA79-14DD8773E08A}.Release|Any CPU.ActiveCfg = Release|Any CPU
		{A2ED111D-9160-4035-AA79-14DD8773E08A}.Release|Any CPU.Build.0 = Release|Any CPU
	EndGlobalSection
	GlobalSection(SolutionProperties) = preSolution
		HideSolutionNode = FALSE
	EndGlobalSection
	GlobalSection(ExtensibilityGlobals) = postSolution
		SolutionGuid = {3BDBA2A9-08A4-479A-AA70-408C18709360}
	EndGlobalSection
EndGlobal
