
Microsoft Visual Studio Solution File, Format Version 12.00
# Visual Studio Version 16
VisualStudioVersion = 16.0.31624.102
MinimumVisualStudioVersion = 10.0.40219.1
Project("{FAE04EC0-301F-11D3-BF4B-00C04F79EFBC}") = "Task01", "Task01\Task01.csproj", "{102F6750-4F67-4214-B254-D64DD1DDB4AF}"
EndProject
Global
	GlobalSection(SolutionConfigurationPlatforms) = preSolution
		Debug|Any CPU = Debug|Any CPU
		Release|Any CPU = Release|Any CPU
	EndGlobalSection
	GlobalSection(ProjectConfigurationPlatforms) = postSolution
		{102F6750-4F67-4214-B254-D64DD1DDB4AF}.Debug|Any CPU.ActiveCfg = Debug|Any CPU
		{102F6750-4F67-4214-B254-D64DD1DDB4AF}.Debug|Any CPU.Build.0 = Debug|Any CPU
		{102F6750-4F67-4214-B254-D64DD1DDB4AF}.Release|Any CPU.ActiveCfg = Release|Any CPU
		{102F6750-4F67-4214-B254-D64DD1DDB4AF}.Release|Any CPU.Build.0 = Release|Any CPU
	EndGlobalSection
	GlobalSection(SolutionProperties) = preSolution
		HideSolutionNode = FALSE
	EndGlobalSection
	GlobalSection(ExtensibilityGlobals) = postSolution
		SolutionGuid = {09E2FA4A-EB17-422C-BC07-53968F832408}
	EndGlobalSection
EndGlobal
