
Microsoft Visual Studio Solution File, Format Version 12.00
# Visual Studio Version 16
VisualStudioVersion = 16.0.31624.102
MinimumVisualStudioVersion = 10.0.40219.1
Project("{FAE04EC0-301F-11D3-BF4B-00C04F79EFBC}") = "Task01", "Task01\Task01.csproj", "{92C186F1-D6D7-48B1-A7EB-8D43FE1DC77B}"
EndProject
Global
	GlobalSection(SolutionConfigurationPlatforms) = preSolution
		Debug|Any CPU = Debug|Any CPU
		Release|Any CPU = Release|Any CPU
	EndGlobalSection
	GlobalSection(ProjectConfigurationPlatforms) = postSolution
		{92C186F1-D6D7-48B1-A7EB-8D43FE1DC77B}.Debug|Any CPU.ActiveCfg = Debug|Any CPU
		{92C186F1-D6D7-48B1-A7EB-8D43FE1DC77B}.Debug|Any CPU.Build.0 = Debug|Any CPU
		{92C186F1-D6D7-48B1-A7EB-8D43FE1DC77B}.Release|Any CPU.ActiveCfg = Release|Any CPU
		{92C186F1-D6D7-48B1-A7EB-8D43FE1DC77B}.Release|Any CPU.Build.0 = Release|Any CPU
	EndGlobalSection
	GlobalSection(SolutionProperties) = preSolution
		HideSolutionNode = FALSE
	EndGlobalSection
	GlobalSection(ExtensibilityGlobals) = postSolution
		SolutionGuid = {AF281D9B-A866-4322-A0F3-39AEEF40DA04}
	EndGlobalSection
EndGlobal
