
Microsoft Visual Studio Solution File, Format Version 12.00
# Visual Studio Version 16
VisualStudioVersion = 16.0.31624.102
MinimumVisualStudioVersion = 10.0.40219.1
Project("{FAE04EC0-301F-11D3-BF4B-00C04F79EFBC}") = "Task01", "Task01\Task01.csproj", "{F68AD208-9CB7-4CE6-981D-7C2B6A3846C5}"
EndProject
Project("{FAE04EC0-301F-11D3-BF4B-00C04F79EFBC}") = "Task02", "Task02\Task02.csproj", "{F25E65C9-39AA-4A13-B813-8967CC442A82}"
EndProject
Project("{FAE04EC0-301F-11D3-BF4B-00C04F79EFBC}") = "Task03", "Task03\Task03.csproj", "{E40520BF-87CE-45D9-9EE0-5FCE0901B2D4}"
EndProject
Global
	GlobalSection(SolutionConfigurationPlatforms) = preSolution
		Debug|Any CPU = Debug|Any CPU
		Release|Any CPU = Release|Any CPU
	EndGlobalSection
	GlobalSection(ProjectConfigurationPlatforms) = postSolution
		{F68AD208-9CB7-4CE6-981D-7C2B6A3846C5}.Debug|Any CPU.ActiveCfg = Debug|Any CPU
		{F68AD208-9CB7-4CE6-981D-7C2B6A3846C5}.Debug|Any CPU.Build.0 = Debug|Any CPU
		{F68AD208-9CB7-4CE6-981D-7C2B6A3846C5}.Release|Any CPU.ActiveCfg = Release|Any CPU
		{F68AD208-9CB7-4CE6-981D-7C2B6A3846C5}.Release|Any CPU.Build.0 = Release|Any CPU
		{F25E65C9-39AA-4A13-B813-8967CC442A82}.Debug|Any CPU.ActiveCfg = Debug|Any CPU
		{F25E65C9-39AA-4A13-B813-8967CC442A82}.Debug|Any CPU.Build.0 = Debug|Any CPU
		{F25E65C9-39AA-4A13-B813-8967CC442A82}.Release|Any CPU.ActiveCfg = Release|Any CPU
		{F25E65C9-39AA-4A13-B813-8967CC442A82}.Release|Any CPU.Build.0 = Release|Any CPU
		{E40520BF-87CE-45D9-9EE0-5FCE0901B2D4}.Debug|Any CPU.ActiveCfg = Debug|Any CPU
		{E40520BF-87CE-45D9-9EE0-5FCE0901B2D4}.Debug|Any CPU.Build.0 = Debug|Any CPU
		{E40520BF-87CE-45D9-9EE0-5FCE0901B2D4}.Release|Any CPU.ActiveCfg = Release|Any CPU
		{E40520BF-87CE-45D9-9EE0-5FCE0901B2D4}.Release|Any CPU.Build.0 = Release|Any CPU
	EndGlobalSection
	GlobalSection(SolutionProperties) = preSolution
		HideSolutionNode = FALSE
	EndGlobalSection
	GlobalSection(ExtensibilityGlobals) = postSolution
		SolutionGuid = {784E75F2-16C8-4490-A2FF-6CDE81311D86}
	EndGlobalSection
EndGlobal
