
Microsoft Visual Studio Solution File, Format Version 12.00
# Visual Studio Version 16
VisualStudioVersion = 16.0.31624.102
MinimumVisualStudioVersion = 10.0.40219.1
Project("{9A19103F-16F7-4668-BE54-9A1E7A4F7556}") = "Task01", "Task01\Task01.csproj", "{2A70B6A0-896D-490B-A8F9-8FBE0781AE27}"
EndProject
Project("{FAE04EC0-301F-11D3-BF4B-00C04F79EFBC}") = "Task02", "Task02\Task02.csproj", "{DCB1215E-6BD4-49CA-9F0C-E7D213B0DAEE}"
EndProject
Project("{FAE04EC0-301F-11D3-BF4B-00C04F79EFBC}") = "Task03", "Task03\Task03.csproj", "{15FF75E6-20B8-4AB9-A469-956C5588C36B}"
EndProject
Project("{FAE04EC0-301F-11D3-BF4B-00C04F79EFBC}") = "Task04", "Task04\Task04.csproj", "{A4595BFB-9F99-4269-B466-3FCFA43F9303}"
EndProject
Global
	GlobalSection(SolutionConfigurationPlatforms) = preSolution
		Debug|Any CPU = Debug|Any CPU
		Release|Any CPU = Release|Any CPU
	EndGlobalSection
	GlobalSection(ProjectConfigurationPlatforms) = postSolution
		{2A70B6A0-896D-490B-A8F9-8FBE0781AE27}.Debug|Any CPU.ActiveCfg = Debug|Any CPU
		{2A70B6A0-896D-490B-A8F9-8FBE0781AE27}.Debug|Any CPU.Build.0 = Debug|Any CPU
		{2A70B6A0-896D-490B-A8F9-8FBE0781AE27}.Release|Any CPU.ActiveCfg = Release|Any CPU
		{2A70B6A0-896D-490B-A8F9-8FBE0781AE27}.Release|Any CPU.Build.0 = Release|Any CPU
		{DCB1215E-6BD4-49CA-9F0C-E7D213B0DAEE}.Debug|Any CPU.ActiveCfg = Debug|Any CPU
		{DCB1215E-6BD4-49CA-9F0C-E7D213B0DAEE}.Debug|Any CPU.Build.0 = Debug|Any CPU
		{DCB1215E-6BD4-49CA-9F0C-E7D213B0DAEE}.Release|Any CPU.ActiveCfg = Release|Any CPU
		{DCB1215E-6BD4-49CA-9F0C-E7D213B0DAEE}.Release|Any CPU.Build.0 = Release|Any CPU
		{15FF75E6-20B8-4AB9-A469-956C5588C36B}.Debug|Any CPU.ActiveCfg = Debug|Any CPU
		{15FF75E6-20B8-4AB9-A469-956C5588C36B}.Debug|Any CPU.Build.0 = Debug|Any CPU
		{15FF75E6-20B8-4AB9-A469-956C5588C36B}.Release|Any CPU.ActiveCfg = Release|Any CPU
		{15FF75E6-20B8-4AB9-A469-956C5588C36B}.Release|Any CPU.Build.0 = Release|Any CPU
		{A4595BFB-9F99-4269-B466-3FCFA43F9303}.Debug|Any CPU.ActiveCfg = Debug|Any CPU
		{A4595BFB-9F99-4269-B466-3FCFA43F9303}.Debug|Any CPU.Build.0 = Debug|Any CPU
		{A4595BFB-9F99-4269-B466-3FCFA43F9303}.Release|Any CPU.ActiveCfg = Release|Any CPU
		{A4595BFB-9F99-4269-B466-3FCFA43F9303}.Release|Any CPU.Build.0 = Release|Any CPU
	EndGlobalSection
	GlobalSection(SolutionProperties) = preSolution
		HideSolutionNode = FALSE
	EndGlobalSection
	GlobalSection(ExtensibilityGlobals) = postSolution
		SolutionGuid = {D7D18659-26BC-440D-8A25-4FA1ACC37828}
	EndGlobalSection
EndGlobal
